
Microsoft Visual Studio Solution File, Format Version 12.00
# Visual Studio Version 16
VisualStudioVersion = 16.0.32126.315
MinimumVisualStudioVersion = 10.0.40219.1
Project("{888888A0-9F3D-457C-B088-3A5042F75D52}") = "Task1", "Task1.pyproj", "{13CF3CA3-95CB-4356-A27B-7C5197387B73}"
EndProject
Project("{888888A0-9F3D-457C-B088-3A5042F75D52}") = "Task2", "..\Task2\Task2.pyproj", "{535A7140-50B9-4BD3-8222-3D9189CF0649}"
EndProject
Project("{888888A0-9F3D-457C-B088-3A5042F75D52}") = "Task3", "..\Task3\Task3.pyproj", "{270855ED-D443-4EF6-B943-AAF67D00DA6E}"
EndProject
Project("{888888A0-9F3D-457C-B088-3A5042F75D52}") = "Task4", "..\Task4\Task4.pyproj", "{1D680A1E-AAA5-4535-BD49-5E66DF24D631}"
EndProject
Global
	GlobalSection(SolutionConfigurationPlatforms) = preSolution
		Debug|Any CPU = Debug|Any CPU
		Release|Any CPU = Release|Any CPU
	EndGlobalSection
	GlobalSection(ProjectConfigurationPlatforms) = postSolution
		{13CF3CA3-95CB-4356-A27B-7C5197387B73}.Debug|Any CPU.ActiveCfg = Debug|Any CPU
		{13CF3CA3-95CB-4356-A27B-7C5197387B73}.Release|Any CPU.ActiveCfg = Release|Any CPU
		{535A7140-50B9-4BD3-8222-3D9189CF0649}.Debug|Any CPU.ActiveCfg = Debug|Any CPU
		{535A7140-50B9-4BD3-8222-3D9189CF0649}.Release|Any CPU.ActiveCfg = Release|Any CPU
		{270855ED-D443-4EF6-B943-AAF67D00DA6E}.Debug|Any CPU.ActiveCfg = Debug|Any CPU
		{270855ED-D443-4EF6-B943-AAF67D00DA6E}.Release|Any CPU.ActiveCfg = Release|Any CPU
		{1D680A1E-AAA5-4535-BD49-5E66DF24D631}.Debug|Any CPU.ActiveCfg = Debug|Any CPU
		{1D680A1E-AAA5-4535-BD49-5E66DF24D631}.Release|Any CPU.ActiveCfg = Release|Any CPU
	EndGlobalSection
	GlobalSection(SolutionProperties) = preSolution
		HideSolutionNode = FALSE
	EndGlobalSection
	GlobalSection(ExtensibilityGlobals) = postSolution
		SolutionGuid = {F683EF2C-20F3-49DA-9AA2-5D5BEEBB8FAF}
	EndGlobalSection
EndGlobal
